
Microsoft Visual Studio Solution File, Format Version 12.00
# Visual Studio 14
VisualStudioVersion = 14.0.25420.1
MinimumVisualStudioVersion = 10.0.40219.1
Project("{8BB2217D-0F2D-49D1-97BC-3654ED321F3B}") = "Vendaloo", "Vendaloo\Vendaloo.xproj", "{6E5FDF3E-0F79-4E1E-8896-80E572EDFEA5}"
EndProject
Project("{8BB2217D-0F2D-49D1-97BC-3654ED321F3B}") = "Vendaloo.Tests", "Vendaloo.Tests\Vendaloo.Tests.xproj", "{9E746E73-E142-4561-845F-0C0A3CC0829C}"
EndProject
Global
	GlobalSection(SolutionConfigurationPlatforms) = preSolution
		Debug|Any CPU = Debug|Any CPU
		Release|Any CPU = Release|Any CPU
	EndGlobalSection
	GlobalSection(ProjectConfigurationPlatforms) = postSolution
		{6E5FDF3E-0F79-4E1E-8896-80E572EDFEA5}.Debug|Any CPU.ActiveCfg = Debug|Any CPU
		{6E5FDF3E-0F79-4E1E-8896-80E572EDFEA5}.Debug|Any CPU.Build.0 = Debug|Any CPU
		{6E5FDF3E-0F79-4E1E-8896-80E572EDFEA5}.Release|Any CPU.ActiveCfg = Release|Any CPU
		{6E5FDF3E-0F79-4E1E-8896-80E572EDFEA5}.Release|Any CPU.Build.0 = Release|Any CPU
		{9E746E73-E142-4561-845F-0C0A3CC0829C}.Debug|Any CPU.ActiveCfg = Debug|Any CPU
		{9E746E73-E142-4561-845F-0C0A3CC0829C}.Debug|Any CPU.Build.0 = Debug|Any CPU
		{9E746E73-E142-4561-845F-0C0A3CC0829C}.Release|Any CPU.ActiveCfg = Release|Any CPU
		{9E746E73-E142-4561-845F-0C0A3CC0829C}.Release|Any CPU.Build.0 = Release|Any CPU
	EndGlobalSection
	GlobalSection(SolutionProperties) = preSolution
		HideSolutionNode = FALSE
	EndGlobalSection
EndGlobal
